
Microsoft Visual Studio Solution File, Format Version 12.00
# Visual Studio 2012
Project("{FAE04EC0-301F-11D3-BF4B-00C04F79EFBC}") = "Hangman2", "Hangman2\Hangman2.csproj", "{48467D73-9F08-4B13-8272-475AB6B73228}"
EndProject
Global
	GlobalSection(SolutionConfigurationPlatforms) = preSolution
		Debug|Any CPU = Debug|Any CPU
		Release|Any CPU = Release|Any CPU
	EndGlobalSection
	GlobalSection(ProjectConfigurationPlatforms) = postSolution
		{48467D73-9F08-4B13-8272-475AB6B73228}.Debug|Any CPU.ActiveCfg = Debug|Any CPU
		{48467D73-9F08-4B13-8272-475AB6B73228}.Debug|Any CPU.Build.0 = Debug|Any CPU
		{48467D73-9F08-4B13-8272-475AB6B73228}.Release|Any CPU.ActiveCfg = Release|Any CPU
		{48467D73-9F08-4B13-8272-475AB6B73228}.Release|Any CPU.Build.0 = Release|Any CPU
	EndGlobalSection
	GlobalSection(SolutionProperties) = preSolution
		HideSolutionNode = FALSE
	EndGlobalSection
EndGlobal
